
Microsoft Visual Studio Solution File, Format Version 12.00
# Visual Studio Version 17
VisualStudioVersion = 17.0.32014.148
MinimumVisualStudioVersion = 10.0.40219.1
Project("{FAE04EC0-301F-11D3-BF4B-00C04F79EFBC}") = "Task_6_1", "Task_6_1\Task_6_1.csproj", "{B6E668C1-32CE-44D3-8F95-2E03DF66F420}"
EndProject
Project("{FAE04EC0-301F-11D3-BF4B-00C04F79EFBC}") = "RevitAPITrainingLibrary", "..\..\RevitAPITrainingLibrary\RevitAPITrainingLibrary\RevitAPITrainingLibrary\RevitAPITrainingLibrary.csproj", "{0562D6CC-7D30-42BD-A883-F2102085DB8A}"
EndProject
Global
	GlobalSection(SolutionConfigurationPlatforms) = preSolution
		Debug|Any CPU = Debug|Any CPU
		Release|Any CPU = Release|Any CPU
	EndGlobalSection
	GlobalSection(ProjectConfigurationPlatforms) = postSolution
		{B6E668C1-32CE-44D3-8F95-2E03DF66F420}.Debug|Any CPU.ActiveCfg = Debug|Any CPU
		{B6E668C1-32CE-44D3-8F95-2E03DF66F420}.Debug|Any CPU.Build.0 = Debug|Any CPU
		{B6E668C1-32CE-44D3-8F95-2E03DF66F420}.Release|Any CPU.ActiveCfg = Release|Any CPU
		{B6E668C1-32CE-44D3-8F95-2E03DF66F420}.Release|Any CPU.Build.0 = Release|Any CPU
		{0562D6CC-7D30-42BD-A883-F2102085DB8A}.Debug|Any CPU.ActiveCfg = Debug|Any CPU
		{0562D6CC-7D30-42BD-A883-F2102085DB8A}.Debug|Any CPU.Build.0 = Debug|Any CPU
		{0562D6CC-7D30-42BD-A883-F2102085DB8A}.Release|Any CPU.ActiveCfg = Release|Any CPU
		{0562D6CC-7D30-42BD-A883-F2102085DB8A}.Release|Any CPU.Build.0 = Release|Any CPU
	EndGlobalSection
	GlobalSection(SolutionProperties) = preSolution
		HideSolutionNode = FALSE
	EndGlobalSection
	GlobalSection(ExtensibilityGlobals) = postSolution
		SolutionGuid = {79F23C3C-A846-4481-AD5D-270D8EB21EF1}
	EndGlobalSection
EndGlobal
